
Microsoft Visual Studio Solution File, Format Version 11.00
# Visual Studio 2010
Project("{FAE04EC0-301F-11D3-BF4B-00C04F79EFBC}") = "VuforiaScripts", "VuforiaScripts.csproj", "{2F7CABDE-3889-CD0B-434E-FADFB882756E}"
EndProject
Project("{FAE04EC0-301F-11D3-BF4B-00C04F79EFBC}") = "Assembly-CSharp", "Assembly-CSharp.csproj", "{F1086FB4-0ACB-3AC7-F7AE-CF6450B1CD19}"
EndProject
Project("{FAE04EC0-301F-11D3-BF4B-00C04F79EFBC}") = "VuforiaEditorScripts", "VuforiaEditorScripts.csproj", "{0014A6C7-7A0B-361C-ED7E-F756E17CA5BB}"
EndProject
Global
	GlobalSection(SolutionConfigurationPlatforms) = preSolution
		Debug|Any CPU = Debug|Any CPU
		Release|Any CPU = Release|Any CPU
	EndGlobalSection
	GlobalSection(ProjectConfigurationPlatforms) = postSolution
		{2F7CABDE-3889-CD0B-434E-FADFB882756E}.Debug|Any CPU.ActiveCfg = Debug|Any CPU
		{2F7CABDE-3889-CD0B-434E-FADFB882756E}.Debug|Any CPU.Build.0 = Debug|Any CPU
		{2F7CABDE-3889-CD0B-434E-FADFB882756E}.Release|Any CPU.ActiveCfg = Release|Any CPU
		{2F7CABDE-3889-CD0B-434E-FADFB882756E}.Release|Any CPU.Build.0 = Release|Any CPU
		{F1086FB4-0ACB-3AC7-F7AE-CF6450B1CD19}.Debug|Any CPU.ActiveCfg = Debug|Any CPU
		{F1086FB4-0ACB-3AC7-F7AE-CF6450B1CD19}.Debug|Any CPU.Build.0 = Debug|Any CPU
		{F1086FB4-0ACB-3AC7-F7AE-CF6450B1CD19}.Release|Any CPU.ActiveCfg = Release|Any CPU
		{F1086FB4-0ACB-3AC7-F7AE-CF6450B1CD19}.Release|Any CPU.Build.0 = Release|Any CPU
		{0014A6C7-7A0B-361C-ED7E-F756E17CA5BB}.Debug|Any CPU.ActiveCfg = Debug|Any CPU
		{0014A6C7-7A0B-361C-ED7E-F756E17CA5BB}.Debug|Any CPU.Build.0 = Debug|Any CPU
		{0014A6C7-7A0B-361C-ED7E-F756E17CA5BB}.Release|Any CPU.ActiveCfg = Release|Any CPU
		{0014A6C7-7A0B-361C-ED7E-F756E17CA5BB}.Release|Any CPU.Build.0 = Release|Any CPU
	EndGlobalSection
	GlobalSection(SolutionProperties) = preSolution
		HideSolutionNode = FALSE
	EndGlobalSection
	GlobalSection(MonoDevelopProperties) = preSolution
		StartupItem = Assembly-CSharp.csproj
	EndGlobalSection
EndGlobal
