
Microsoft Visual Studio Solution File, Format Version 11.00
# Visual Studio 2010
Project("{FAE04EC0-301F-11D3-BF4B-00C04F79EFBC}") = "VuforiaScripts", "VuforiaScripts.csproj", "{3CBEB2CA-0947-9694-975E-0B7B1FF16A30}"
EndProject
Project("{FAE04EC0-301F-11D3-BF4B-00C04F79EFBC}") = "Assembly-CSharp", "Assembly-CSharp.csproj", "{74B06546-CB51-7FA6-DF81-C7B055A811F1}"
EndProject
Project("{FAE04EC0-301F-11D3-BF4B-00C04F79EFBC}") = "VuforiaEditorScripts", "VuforiaEditorScripts.csproj", "{61C844FD-FD3E-80C7-7105-00E23408851F}"
EndProject
Global
	GlobalSection(SolutionConfigurationPlatforms) = preSolution
		Debug|Any CPU = Debug|Any CPU
		Release|Any CPU = Release|Any CPU
	EndGlobalSection
	GlobalSection(ProjectConfigurationPlatforms) = postSolution
		{3CBEB2CA-0947-9694-975E-0B7B1FF16A30}.Debug|Any CPU.ActiveCfg = Debug|Any CPU
		{3CBEB2CA-0947-9694-975E-0B7B1FF16A30}.Debug|Any CPU.Build.0 = Debug|Any CPU
		{3CBEB2CA-0947-9694-975E-0B7B1FF16A30}.Release|Any CPU.ActiveCfg = Release|Any CPU
		{3CBEB2CA-0947-9694-975E-0B7B1FF16A30}.Release|Any CPU.Build.0 = Release|Any CPU
		{74B06546-CB51-7FA6-DF81-C7B055A811F1}.Debug|Any CPU.ActiveCfg = Debug|Any CPU
		{74B06546-CB51-7FA6-DF81-C7B055A811F1}.Debug|Any CPU.Build.0 = Debug|Any CPU
		{74B06546-CB51-7FA6-DF81-C7B055A811F1}.Release|Any CPU.ActiveCfg = Release|Any CPU
		{74B06546-CB51-7FA6-DF81-C7B055A811F1}.Release|Any CPU.Build.0 = Release|Any CPU
		{61C844FD-FD3E-80C7-7105-00E23408851F}.Debug|Any CPU.ActiveCfg = Debug|Any CPU
		{61C844FD-FD3E-80C7-7105-00E23408851F}.Debug|Any CPU.Build.0 = Debug|Any CPU
		{61C844FD-FD3E-80C7-7105-00E23408851F}.Release|Any CPU.ActiveCfg = Release|Any CPU
		{61C844FD-FD3E-80C7-7105-00E23408851F}.Release|Any CPU.Build.0 = Release|Any CPU
	EndGlobalSection
	GlobalSection(SolutionProperties) = preSolution
		HideSolutionNode = FALSE
	EndGlobalSection
	GlobalSection(MonoDevelopProperties) = preSolution
		StartupItem = Assembly-CSharp.csproj
	EndGlobalSection
EndGlobal
